
Microsoft Visual Studio Solution File, Format Version 12.00
# Visual Studio Version 16
VisualStudioVersion = 16.0.30907.101
MinimumVisualStudioVersion = 10.0.40219.1
Project("{FAE04EC0-301F-11D3-BF4B-00C04F79EFBC}") = "BonusLab1", "BonusLab1\BonusLab1.csproj", "{C7239ECE-08CD-43A7-A6DC-1119D98FD917}"
EndProject
Project("{FAE04EC0-301F-11D3-BF4B-00C04F79EFBC}") = "BonusLab1.Tests", "BonusLab1.Tests\BonusLab1.Tests.csproj", "{6E9BF89D-9D8B-471F-A7B7-3818FFB709A9}"
EndProject
Global
	GlobalSection(SolutionConfigurationPlatforms) = preSolution
		Debug|Any CPU = Debug|Any CPU
		Release|Any CPU = Release|Any CPU
	EndGlobalSection
	GlobalSection(ProjectConfigurationPlatforms) = postSolution
		{C7239ECE-08CD-43A7-A6DC-1119D98FD917}.Debug|Any CPU.ActiveCfg = Debug|Any CPU
		{C7239ECE-08CD-43A7-A6DC-1119D98FD917}.Debug|Any CPU.Build.0 = Debug|Any CPU
		{C7239ECE-08CD-43A7-A6DC-1119D98FD917}.Release|Any CPU.ActiveCfg = Release|Any CPU
		{C7239ECE-08CD-43A7-A6DC-1119D98FD917}.Release|Any CPU.Build.0 = Release|Any CPU
		{6E9BF89D-9D8B-471F-A7B7-3818FFB709A9}.Debug|Any CPU.ActiveCfg = Debug|Any CPU
		{6E9BF89D-9D8B-471F-A7B7-3818FFB709A9}.Debug|Any CPU.Build.0 = Debug|Any CPU
		{6E9BF89D-9D8B-471F-A7B7-3818FFB709A9}.Release|Any CPU.ActiveCfg = Release|Any CPU
		{6E9BF89D-9D8B-471F-A7B7-3818FFB709A9}.Release|Any CPU.Build.0 = Release|Any CPU
	EndGlobalSection
	GlobalSection(SolutionProperties) = preSolution
		HideSolutionNode = FALSE
	EndGlobalSection
	GlobalSection(ExtensibilityGlobals) = postSolution
		SolutionGuid = {769783EB-299B-403E-A476-FAFA3EFEBAB8}
	EndGlobalSection
EndGlobal
